
Microsoft Visual Studio Solution File, Format Version 12.00
# Visual Studio Version 16
VisualStudioVersion = 16.0.28803.202
MinimumVisualStudioVersion = 10.0.40219.1
Project("{FAE04EC0-301F-11D3-BF4B-00C04F79EFBC}") = "MvcBlogProject", "MvcBlogProject\MvcBlogProject.csproj", "{D9AAEEF6-6D4C-438A-89B5-C3961B614220}"
EndProject
Global
	GlobalSection(SolutionConfigurationPlatforms) = preSolution
		Debug|Any CPU = Debug|Any CPU
		Release|Any CPU = Release|Any CPU
	EndGlobalSection
	GlobalSection(ProjectConfigurationPlatforms) = postSolution
		{D9AAEEF6-6D4C-438A-89B5-C3961B614220}.Debug|Any CPU.ActiveCfg = Debug|Any CPU
		{D9AAEEF6-6D4C-438A-89B5-C3961B614220}.Debug|Any CPU.Build.0 = Debug|Any CPU
		{D9AAEEF6-6D4C-438A-89B5-C3961B614220}.Release|Any CPU.ActiveCfg = Release|Any CPU
		{D9AAEEF6-6D4C-438A-89B5-C3961B614220}.Release|Any CPU.Build.0 = Release|Any CPU
	EndGlobalSection
	GlobalSection(SolutionProperties) = preSolution
		HideSolutionNode = FALSE
	EndGlobalSection
	GlobalSection(ExtensibilityGlobals) = postSolution
		SolutionGuid = {36ECE1B9-C5B2-4E33-823B-FB9921D29DFB}
	EndGlobalSection
EndGlobal
